
Microsoft Visual Studio Solution File, Format Version 12.00
# Visual Studio 15
Project("{FAE04EC0-301F-11D3-BF4B-00C04F79EFBC}") = "Assembly-CSharp", "Assembly-CSharp.csproj", "{36DD50A1-CD19-89BC-8158-3A3E0BD740A5}"
EndProject
Project("{FAE04EC0-301F-11D3-BF4B-00C04F79EFBC}") = "Assembly-CSharp-Editor", "Assembly-CSharp-Editor.csproj", "{C819813C-378F-4986-45C4-61F2C668491F}"
EndProject
Global
	GlobalSection(SolutionConfigurationPlatforms) = preSolution
		Debug|Any CPU = Debug|Any CPU
		Release|Any CPU = Release|Any CPU
	EndGlobalSection
	GlobalSection(ProjectConfigurationPlatforms) = postSolution
		{36DD50A1-CD19-89BC-8158-3A3E0BD740A5}.Debug|Any CPU.ActiveCfg = Debug|Any CPU
		{36DD50A1-CD19-89BC-8158-3A3E0BD740A5}.Debug|Any CPU.Build.0 = Debug|Any CPU
		{36DD50A1-CD19-89BC-8158-3A3E0BD740A5}.Release|Any CPU.ActiveCfg = Release|Any CPU
		{36DD50A1-CD19-89BC-8158-3A3E0BD740A5}.Release|Any CPU.Build.0 = Release|Any CPU
		{C819813C-378F-4986-45C4-61F2C668491F}.Debug|Any CPU.ActiveCfg = Debug|Any CPU
		{C819813C-378F-4986-45C4-61F2C668491F}.Debug|Any CPU.Build.0 = Debug|Any CPU
		{C819813C-378F-4986-45C4-61F2C668491F}.Release|Any CPU.ActiveCfg = Release|Any CPU
		{C819813C-378F-4986-45C4-61F2C668491F}.Release|Any CPU.Build.0 = Release|Any CPU
	EndGlobalSection
	GlobalSection(SolutionProperties) = preSolution
		HideSolutionNode = FALSE
	EndGlobalSection
EndGlobal
